// !$*UTF8*$!
{
	archiveVersion = 1;
	classes = {
	};
	objectVersion = 46;
	objects = {

/* Begin PBXBuildFile section */
		8814666B1A5C2F7600D677A9 /* main.m in Sources */ = {isa = PBXBuildFile; fileRef = 8814666A1A5C2F7600D677A9 /* main.m */; };
		8814666E1A5C2F7600D677A9 /* AppDelegate.m in Sources */ = {isa = PBXBuildFile; fileRef = 8814666D1A5C2F7600D677A9 /* AppDelegate.m */; };
		881466711A5C2F7600D677A9 /* RootViewController.m in Sources */ = {isa = PBXBuildFile; fileRef = 881466701A5C2F7600D677A9 /* RootViewController.m */; };
		881466741A5C2F7600D677A9 /* Main.storyboard in Resources */ = {isa = PBXBuildFile; fileRef = 881466721A5C2F7600D677A9 /* Main.storyboard */; };
		881466761A5C2F7600D677A9 /* Images.xcassets in Resources */ = {isa = PBXBuildFile; fileRef = 881466751A5C2F7600D677A9 /* Images.xcassets */; };
		881466791A5C2F7600D677A9 /* LaunchScreen.xib in Resources */ = {isa = PBXBuildFile; fileRef = 881466771A5C2F7600D677A9 /* LaunchScreen.xib */; };
		881466851A5C2F7600D677A9 /* happinuss_iosTests.m in Sources */ = {isa = PBXBuildFile; fileRef = 881466841A5C2F7600D677A9 /* happinuss_iosTests.m */; };
		8866128E1A6D0F7D008D8473 /* eg_launch.png in Resources */ = {isa = PBXBuildFile; fileRef = 8866128D1A6D0F7D008D8473 /* eg_launch.png */; };
		886612981A6D1BBF008D8473 /* QuartzCore.framework in Frameworks */ = {isa = PBXBuildFile; fileRef = 886612971A6D1BBF008D8473 /* QuartzCore.framework */; };
		886612A01A6D1F39008D8473 /* SVIndefiniteAnimatedView.m in Sources */ = {isa = PBXBuildFile; fileRef = 8866129B1A6D1F39008D8473 /* SVIndefiniteAnimatedView.m */; };
		886612A11A6D1F39008D8473 /* SVProgressHUD.bundle in Resources */ = {isa = PBXBuildFile; fileRef = 8866129D1A6D1F39008D8473 /* SVProgressHUD.bundle */; };
		886612A21A6D1F39008D8473 /* SVProgressHUD.m in Sources */ = {isa = PBXBuildFile; fileRef = 8866129F1A6D1F39008D8473 /* SVProgressHUD.m */; };
		889800AF1A6E384A004C3158 /* WYPopoverController.m in Sources */ = {isa = PBXBuildFile; fileRef = 889800AC1A6E384A004C3158 /* WYPopoverController.m */; };
		889800B01A6E384A004C3158 /* WYStoryboardPopoverSegue.m in Sources */ = {isa = PBXBuildFile; fileRef = 889800AE1A6E384A004C3158 /* WYStoryboardPopoverSegue.m */; };
		889800B21A6E64AE004C3158 /* cancel_ic.png in Resources */ = {isa = PBXBuildFile; fileRef = 889800B11A6E64AE004C3158 /* cancel_ic.png */; };
		889800B41A6E6531004C3158 /* signup_1_ic.png in Resources */ = {isa = PBXBuildFile; fileRef = 889800B31A6E6531004C3158 /* signup_1_ic.png */; };
		889800B61A6E674D004C3158 /* pinkLine.png in Resources */ = {isa = PBXBuildFile; fileRef = 889800B51A6E674D004C3158 /* pinkLine.png */; };
		889800C21A6E7875004C3158 /* p_tapbar.png in Resources */ = {isa = PBXBuildFile; fileRef = 889800BB1A6E7875004C3158 /* p_tapbar.png */; };
		889800C41A6E7875004C3158 /* writebox.png in Resources */ = {isa = PBXBuildFile; fileRef = 889800BD1A6E7875004C3158 /* writebox.png */; };
		889800C91A6E7C10004C3158 /* WriteStoryViewController.m in Sources */ = {isa = PBXBuildFile; fileRef = 889800C81A6E7C10004C3158 /* WriteStoryViewController.m */; };
		889800CC1A6E7C53004C3158 /* ReportViewController.m in Sources */ = {isa = PBXBuildFile; fileRef = 889800CB1A6E7C53004C3158 /* ReportViewController.m */; };
		889800CF1A6E7CF6004C3158 /* MainTabViewController.m in Sources */ = {isa = PBXBuildFile; fileRef = 889800CE1A6E7CF6004C3158 /* MainTabViewController.m */; };
		889800EB1A6E8F2D004C3158 /* signup_e_ic.png in Resources */ = {isa = PBXBuildFile; fileRef = 889800EA1A6E8F2D004C3158 /* signup_e_ic.png */; };
		889800EE1A6E93FD004C3158 /* JoinPopupViewController.m in Sources */ = {isa = PBXBuildFile; fileRef = 889800ED1A6E93FD004C3158 /* JoinPopupViewController.m */; };
		889800F01A6EA4DE004C3158 /* background.jpg in Resources */ = {isa = PBXBuildFile; fileRef = 889800EF1A6EA4DE004C3158 /* background.jpg */; };
		889800FA1A6EB48C004C3158 /* home@2x.png in Resources */ = {isa = PBXBuildFile; fileRef = 889800F51A6EB48C004C3158 /* home@2x.png */; };
		889800FB1A6EB48C004C3158 /* mystory@2x.png in Resources */ = {isa = PBXBuildFile; fileRef = 889800F61A6EB48C004C3158 /* mystory@2x.png */; };
		889800FC1A6EB48C004C3158 /* ourstory@2x.png in Resources */ = {isa = PBXBuildFile; fileRef = 889800F71A6EB48C004C3158 /* ourstory@2x.png */; };
		889800FD1A6EB48C004C3158 /* report@2x.png in Resources */ = {isa = PBXBuildFile; fileRef = 889800F81A6EB48C004C3158 /* report@2x.png */; };
		889800FE1A6EB48C004C3158 /* write@2x.png in Resources */ = {isa = PBXBuildFile; fileRef = 889800F91A6EB48C004C3158 /* write@2x.png */; };
		88A52A111A5FD8C200D2CE70 /* HomeViewController.m in Sources */ = {isa = PBXBuildFile; fileRef = 88A52A101A5FD8C200D2CE70 /* HomeViewController.m */; };
		88A52A141A5FD8DC00D2CE70 /* LoginViewController.m in Sources */ = {isa = PBXBuildFile; fileRef = 88A52A131A5FD8DC00D2CE70 /* LoginViewController.m */; };
		88A52A181A5FDA2900D2CE70 /* MyStoryViewController.m in Sources */ = {isa = PBXBuildFile; fileRef = 88A52A171A5FDA2900D2CE70 /* MyStoryViewController.m */; };
		88A52A1B1A5FE47700D2CE70 /* OtherStoryViewController.m in Sources */ = {isa = PBXBuildFile; fileRef = 88A52A1A1A5FE47700D2CE70 /* OtherStoryViewController.m */; };
		88A52A1E1A60151400D2CE70 /* Launch.png in Resources */ = {isa = PBXBuildFile; fileRef = 88A52A1D1A60151400D2CE70 /* Launch.png */; };
		88E9CA131A6D20C2005FE8EC /* UIKit.framework in Frameworks */ = {isa = PBXBuildFile; fileRef = 88E9CA121A6D20C2005FE8EC /* UIKit.framework */; };
		88E9CA151A6D20CA005FE8EC /* Foundation.framework in Frameworks */ = {isa = PBXBuildFile; fileRef = 88E9CA141A6D20CA005FE8EC /* Foundation.framework */; };
		88E9CA171A6D20D2005FE8EC /* CoreGraphics.framework in Frameworks */ = {isa = PBXBuildFile; fileRef = 88E9CA161A6D20D2005FE8EC /* CoreGraphics.framework */; };
		88E9CA191A6D2D45005FE8EC /* eg_launch_up.jpg in Resources */ = {isa = PBXBuildFile; fileRef = 88E9CA181A6D2D45005FE8EC /* eg_launch_up.jpg */; };
		88E9CA261A6D745F005FE8EC /* LoginPopupViewController.m in Sources */ = {isa = PBXBuildFile; fileRef = 88E9CA241A6D745F005FE8EC /* LoginPopupViewController.m */; };
/* End PBXBuildFile section */

/* Begin PBXContainerItemProxy section */
		8814667F1A5C2F7600D677A9 /* PBXContainerItemProxy */ = {
			isa = PBXContainerItemProxy;
			containerPortal = 8814665D1A5C2F7600D677A9 /* Project object */;
			proxyType = 1;
			remoteGlobalIDString = 881466641A5C2F7600D677A9;
			remoteInfo = happinuss_ios;
		};
/* End PBXContainerItemProxy section */

/* Begin PBXFileReference section */
		881466651A5C2F7600D677A9 /* happinuss_ios.app */ = {isa = PBXFileReference; explicitFileType = wrapper.application; includeInIndex = 0; path = happinuss_ios.app; sourceTree = BUILT_PRODUCTS_DIR; };
		881466691A5C2F7600D677A9 /* Info.plist */ = {isa = PBXFileReference; lastKnownFileType = text.plist.xml; path = Info.plist; sourceTree = "<group>"; };
		8814666A1A5C2F7600D677A9 /* main.m */ = {isa = PBXFileReference; lastKnownFileType = sourcecode.c.objc; path = main.m; sourceTree = "<group>"; };
		8814666C1A5C2F7600D677A9 /* AppDelegate.h */ = {isa = PBXFileReference; lastKnownFileType = sourcecode.c.h; path = AppDelegate.h; sourceTree = "<group>"; };
		8814666D1A5C2F7600D677A9 /* AppDelegate.m */ = {isa = PBXFileReference; lastKnownFileType = sourcecode.c.objc; path = AppDelegate.m; sourceTree = "<group>"; };
		8814666F1A5C2F7600D677A9 /* RootViewController.h */ = {isa = PBXFileReference; lastKnownFileType = sourcecode.c.h; path = RootViewController.h; sourceTree = "<group>"; };
		881466701A5C2F7600D677A9 /* RootViewController.m */ = {isa = PBXFileReference; lastKnownFileType = sourcecode.c.objc; path = RootViewController.m; sourceTree = "<group>"; };
		881466731A5C2F7600D677A9 /* Base */ = {isa = PBXFileReference; lastKnownFileType = file.storyboard; name = Base; path = Base.lproj/Main.storyboard; sourceTree = "<group>"; };
		881466751A5C2F7600D677A9 /* Images.xcassets */ = {isa = PBXFileReference; lastKnownFileType = folder.assetcatalog; path = Images.xcassets; sourceTree = "<group>"; };
		881466781A5C2F7600D677A9 /* Base */ = {isa = PBXFileReference; lastKnownFileType = file.xib; name = Base; path = Base.lproj/LaunchScreen.xib; sourceTree = "<group>"; };
		8814667E1A5C2F7600D677A9 /* happinuss_iosTests.xctest */ = {isa = PBXFileReference; explicitFileType = wrapper.cfbundle; includeInIndex = 0; path = happinuss_iosTests.xctest; sourceTree = BUILT_PRODUCTS_DIR; };
		881466831A5C2F7600D677A9 /* Info.plist */ = {isa = PBXFileReference; lastKnownFileType = text.plist.xml; path = Info.plist; sourceTree = "<group>"; };
		881466841A5C2F7600D677A9 /* happinuss_iosTests.m */ = {isa = PBXFileReference; lastKnownFileType = sourcecode.c.objc; path = happinuss_iosTests.m; sourceTree = "<group>"; };
		8866128D1A6D0F7D008D8473 /* eg_launch.png */ = {isa = PBXFileReference; lastKnownFileType = image.png; path = eg_launch.png; sourceTree = "<group>"; };
		886612971A6D1BBF008D8473 /* QuartzCore.framework */ = {isa = PBXFileReference; lastKnownFileType = wrapper.framework; name = QuartzCore.framework; path = System/Library/Frameworks/QuartzCore.framework; sourceTree = SDKROOT; };
		8866129A1A6D1F39008D8473 /* SVIndefiniteAnimatedView.h */ = {isa = PBXFileReference; fileEncoding = 4; lastKnownFileType = sourcecode.c.h; path = SVIndefiniteAnimatedView.h; sourceTree = "<group>"; };
		8866129B1A6D1F39008D8473 /* SVIndefiniteAnimatedView.m */ = {isa = PBXFileReference; fileEncoding = 4; lastKnownFileType = sourcecode.c.objc; path = SVIndefiniteAnimatedView.m; sourceTree = "<group>"; };
		8866129C1A6D1F39008D8473 /* SVProgressHUD-Prefix.pch */ = {isa = PBXFileReference; fileEncoding = 4; lastKnownFileType = sourcecode.c.h; path = "SVProgressHUD-Prefix.pch"; sourceTree = "<group>"; };
		8866129D1A6D1F39008D8473 /* SVProgressHUD.bundle */ = {isa = PBXFileReference; lastKnownFileType = "wrapper.plug-in"; path = SVProgressHUD.bundle; sourceTree = "<group>"; };
		8866129E1A6D1F39008D8473 /* SVProgressHUD.h */ = {isa = PBXFileReference; fileEncoding = 4; lastKnownFileType = sourcecode.c.h; path = SVProgressHUD.h; sourceTree = "<group>"; };
		8866129F1A6D1F39008D8473 /* SVProgressHUD.m */ = {isa = PBXFileReference; fileEncoding = 4; lastKnownFileType = sourcecode.c.objc; path = SVProgressHUD.m; sourceTree = "<group>"; };
		889800AB1A6E384A004C3158 /* WYPopoverController.h */ = {isa = PBXFileReference; fileEncoding = 4; lastKnownFileType = sourcecode.c.h; path = WYPopoverController.h; sourceTree = "<group>"; };
		889800AC1A6E384A004C3158 /* WYPopoverController.m */ = {isa = PBXFileReference; fileEncoding = 4; lastKnownFileType = sourcecode.c.objc; path = WYPopoverController.m; sourceTree = "<group>"; };
		889800AD1A6E384A004C3158 /* WYStoryboardPopoverSegue.h */ = {isa = PBXFileReference; fileEncoding = 4; lastKnownFileType = sourcecode.c.h; path = WYStoryboardPopoverSegue.h; sourceTree = "<group>"; };
		889800AE1A6E384A004C3158 /* WYStoryboardPopoverSegue.m */ = {isa = PBXFileReference; fileEncoding = 4; lastKnownFileType = sourcecode.c.objc; path = WYStoryboardPopoverSegue.m; sourceTree = "<group>"; };
		889800B11A6E64AE004C3158 /* cancel_ic.png */ = {isa = PBXFileReference; lastKnownFileType = image.png; path = cancel_ic.png; sourceTree = "<group>"; };
		889800B31A6E6531004C3158 /* signup_1_ic.png */ = {isa = PBXFileReference; lastKnownFileType = image.png; path = signup_1_ic.png; sourceTree = "<group>"; };
		889800B51A6E674D004C3158 /* pinkLine.png */ = {isa = PBXFileReference; lastKnownFileType = image.png; path = pinkLine.png; sourceTree = "<group>"; };
		889800BB1A6E7875004C3158 /* p_tapbar.png */ = {isa = PBXFileReference; lastKnownFileType = image.png; path = p_tapbar.png; sourceTree = "<group>"; };
		889800BD1A6E7875004C3158 /* writebox.png */ = {isa = PBXFileReference; lastKnownFileType = image.png; path = writebox.png; sourceTree = "<group>"; };
		889800C71A6E7C10004C3158 /* WriteStoryViewController.h */ = {isa = PBXFileReference; fileEncoding = 4; lastKnownFileType = sourcecode.c.h; path = WriteStoryViewController.h; sourceTree = "<group>"; };
		889800C81A6E7C10004C3158 /* WriteStoryViewController.m */ = {isa = PBXFileReference; fileEncoding = 4; lastKnownFileType = sourcecode.c.objc; path = WriteStoryViewController.m; sourceTree = "<group>"; };
		889800CA1A6E7C53004C3158 /* ReportViewController.h */ = {isa = PBXFileReference; fileEncoding = 4; lastKnownFileType = sourcecode.c.h; path = ReportViewController.h; sourceTree = "<group>"; };
		889800CB1A6E7C53004C3158 /* ReportViewController.m */ = {isa = PBXFileReference; fileEncoding = 4; lastKnownFileType = sourcecode.c.objc; path = ReportViewController.m; sourceTree = "<group>"; };
		889800CD1A6E7CF6004C3158 /* MainTabViewController.h */ = {isa = PBXFileReference; fileEncoding = 4; lastKnownFileType = sourcecode.c.h; path = MainTabViewController.h; sourceTree = "<group>"; };
		889800CE1A6E7CF6004C3158 /* MainTabViewController.m */ = {isa = PBXFileReference; fileEncoding = 4; lastKnownFileType = sourcecode.c.objc; path = MainTabViewController.m; sourceTree = "<group>"; };
		889800EA1A6E8F2D004C3158 /* signup_e_ic.png */ = {isa = PBXFileReference; lastKnownFileType = image.png; path = signup_e_ic.png; sourceTree = "<group>"; };
		889800EC1A6E93FD004C3158 /* JoinPopupViewController.h */ = {isa = PBXFileReference; fileEncoding = 4; lastKnownFileType = sourcecode.c.h; path = JoinPopupViewController.h; sourceTree = "<group>"; };
		889800ED1A6E93FD004C3158 /* JoinPopupViewController.m */ = {isa = PBXFileReference; fileEncoding = 4; lastKnownFileType = sourcecode.c.objc; path = JoinPopupViewController.m; sourceTree = "<group>"; };
		889800EF1A6EA4DE004C3158 /* background.jpg */ = {isa = PBXFileReference; lastKnownFileType = image.jpeg; path = background.jpg; sourceTree = "<group>"; };
		889800F51A6EB48C004C3158 /* home@2x.png */ = {isa = PBXFileReference; lastKnownFileType = image.png; path = "home@2x.png"; sourceTree = "<group>"; };
		889800F61A6EB48C004C3158 /* mystory@2x.png */ = {isa = PBXFileReference; lastKnownFileType = image.png; path = "mystory@2x.png"; sourceTree = "<group>"; };
		889800F71A6EB48C004C3158 /* ourstory@2x.png */ = {isa = PBXFileReference; lastKnownFileType = image.png; path = "ourstory@2x.png"; sourceTree = "<group>"; };
		889800F81A6EB48C004C3158 /* report@2x.png */ = {isa = PBXFileReference; lastKnownFileType = image.png; path = "report@2x.png"; sourceTree = "<group>"; };
		889800F91A6EB48C004C3158 /* write@2x.png */ = {isa = PBXFileReference; lastKnownFileType = image.png; path = "write@2x.png"; sourceTree = "<group>"; };
		88A52A0F1A5FD8C200D2CE70 /* HomeViewController.h */ = {isa = PBXFileReference; fileEncoding = 4; lastKnownFileType = sourcecode.c.h; path = HomeViewController.h; sourceTree = "<group>"; };
		88A52A101A5FD8C200D2CE70 /* HomeViewController.m */ = {isa = PBXFileReference; fileEncoding = 4; lastKnownFileType = sourcecode.c.objc; path = HomeViewController.m; sourceTree = "<group>"; };
		88A52A121A5FD8DC00D2CE70 /* LoginViewController.h */ = {isa = PBXFileReference; fileEncoding = 4; lastKnownFileType = sourcecode.c.h; name = LoginViewController.h; path = ../LoginViewController.h; sourceTree = "<group>"; };
		88A52A131A5FD8DC00D2CE70 /* LoginViewController.m */ = {isa = PBXFileReference; fileEncoding = 4; lastKnownFileType = sourcecode.c.objc; name = LoginViewController.m; path = ../LoginViewController.m; sourceTree = "<group>"; };
		88A52A161A5FDA2900D2CE70 /* MyStoryViewController.h */ = {isa = PBXFileReference; fileEncoding = 4; lastKnownFileType = sourcecode.c.h; path = MyStoryViewController.h; sourceTree = "<group>"; };
		88A52A171A5FDA2900D2CE70 /* MyStoryViewController.m */ = {isa = PBXFileReference; fileEncoding = 4; lastKnownFileType = sourcecode.c.objc; path = MyStoryViewController.m; sourceTree = "<group>"; };
		88A52A191A5FE47700D2CE70 /* OtherStoryViewController.h */ = {isa = PBXFileReference; fileEncoding = 4; lastKnownFileType = sourcecode.c.h; path = OtherStoryViewController.h; sourceTree = "<group>"; };
		88A52A1A1A5FE47700D2CE70 /* OtherStoryViewController.m */ = {isa = PBXFileReference; fileEncoding = 4; lastKnownFileType = sourcecode.c.objc; path = OtherStoryViewController.m; sourceTree = "<group>"; };
		88A52A1D1A60151400D2CE70 /* Launch.png */ = {isa = PBXFileReference; lastKnownFileType = image.png; path = Launch.png; sourceTree = "<group>"; };
		88E9CA121A6D20C2005FE8EC /* UIKit.framework */ = {isa = PBXFileReference; lastKnownFileType = wrapper.framework; name = UIKit.framework; path = System/Library/Frameworks/UIKit.framework; sourceTree = SDKROOT; };
		88E9CA141A6D20CA005FE8EC /* Foundation.framework */ = {isa = PBXFileReference; lastKnownFileType = wrapper.framework; name = Foundation.framework; path = System/Library/Frameworks/Foundation.framework; sourceTree = SDKROOT; };
		88E9CA161A6D20D2005FE8EC /* CoreGraphics.framework */ = {isa = PBXFileReference; lastKnownFileType = wrapper.framework; name = CoreGraphics.framework; path = System/Library/Frameworks/CoreGraphics.framework; sourceTree = SDKROOT; };
		88E9CA181A6D2D45005FE8EC /* eg_launch_up.jpg */ = {isa = PBXFileReference; lastKnownFileType = image.jpeg; path = eg_launch_up.jpg; sourceTree = "<group>"; };
		88E9CA231A6D745F005FE8EC /* LoginPopupViewController.h */ = {isa = PBXFileReference; fileEncoding = 4; lastKnownFileType = sourcecode.c.h; path = LoginPopupViewController.h; sourceTree = "<group>"; };
		88E9CA241A6D745F005FE8EC /* LoginPopupViewController.m */ = {isa = PBXFileReference; fileEncoding = 4; lastKnownFileType = sourcecode.c.objc; path = LoginPopupViewController.m; sourceTree = "<group>"; };
/* End PBXFileReference section */

/* Begin PBXFrameworksBuildPhase section */
		881466621A5C2F7600D677A9 /* Frameworks */ = {
			isa = PBXFrameworksBuildPhase;
			buildActionMask = 2147483647;
			files = (
				88E9CA171A6D20D2005FE8EC /* CoreGraphics.framework in Frameworks */,
				88E9CA151A6D20CA005FE8EC /* Foundation.framework in Frameworks */,
				88E9CA131A6D20C2005FE8EC /* UIKit.framework in Frameworks */,
				886612981A6D1BBF008D8473 /* QuartzCore.framework in Frameworks */,
			);
			runOnlyForDeploymentPostprocessing = 0;
		};
		8814667B1A5C2F7600D677A9 /* Frameworks */ = {
			isa = PBXFrameworksBuildPhase;
			buildActionMask = 2147483647;
			files = (
			);
			runOnlyForDeploymentPostprocessing = 0;
		};
/* End PBXFrameworksBuildPhase section */

/* Begin PBXGroup section */
		8814665C1A5C2F7600D677A9 = {
			isa = PBXGroup;
			children = (
				88E9CA111A6D20AF005FE8EC /* Frameworks */,
				8866128C1A6D0F70008D8473 /* UI */,
				881466671A5C2F7600D677A9 /* happinuss_ios */,
				881466811A5C2F7600D677A9 /* happinuss_iosTests */,
				881466661A5C2F7600D677A9 /* Products */,
			);
			sourceTree = "<group>";
		};
		881466661A5C2F7600D677A9 /* Products */ = {
			isa = PBXGroup;
			children = (
				881466651A5C2F7600D677A9 /* happinuss_ios.app */,
				8814667E1A5C2F7600D677A9 /* happinuss_iosTests.xctest */,
			);
			name = Products;
			sourceTree = "<group>";
		};
		881466671A5C2F7600D677A9 /* happinuss_ios */ = {
			isa = PBXGroup;
			children = (
				8814666C1A5C2F7600D677A9 /* AppDelegate.h */,
				8814666D1A5C2F7600D677A9 /* AppDelegate.m */,
				881466721A5C2F7600D677A9 /* Main.storyboard */,
				889800AA1A6E384A004C3158 /* WYPopoverController */,
				886612991A6D1F39008D8473 /* SVProgressHUD */,
				88A52A151A5FD98700D2CE70 /* MainController */,
				881466751A5C2F7600D677A9 /* Images.xcassets */,
				881466771A5C2F7600D677A9 /* LaunchScreen.xib */,
				88A52A1C1A6014F500D2CE70 /* images */,
				881466681A5C2F7600D677A9 /* Supporting Files */,
			);
			path = happinuss_ios;
			sourceTree = "<group>";
		};
		881466681A5C2F7600D677A9 /* Supporting Files */ = {
			isa = PBXGroup;
			children = (
				881466691A5C2F7600D677A9 /* Info.plist */,
				8814666A1A5C2F7600D677A9 /* main.m */,
			);
			name = "Supporting Files";
			sourceTree = "<group>";
		};
		881466811A5C2F7600D677A9 /* happinuss_iosTests */ = {
			isa = PBXGroup;
			children = (
				881466841A5C2F7600D677A9 /* happinuss_iosTests.m */,
				881466821A5C2F7600D677A9 /* Supporting Files */,
			);
			path = happinuss_iosTests;
			sourceTree = "<group>";
		};
		881466821A5C2F7600D677A9 /* Supporting Files */ = {
			isa = PBXGroup;
			children = (
				881466831A5C2F7600D677A9 /* Info.plist */,
			);
			name = "Supporting Files";
			sourceTree = "<group>";
		};
		8866128C1A6D0F70008D8473 /* UI */ = {
			isa = PBXGroup;
			children = (
				889800F51A6EB48C004C3158 /* home@2x.png */,
				889800F61A6EB48C004C3158 /* mystory@2x.png */,
				889800F71A6EB48C004C3158 /* ourstory@2x.png */,
				889800F81A6EB48C004C3158 /* report@2x.png */,
				889800F91A6EB48C004C3158 /* write@2x.png */,
				889800EF1A6EA4DE004C3158 /* background.jpg */,
				889800BB1A6E7875004C3158 /* p_tapbar.png */,
				889800BD1A6E7875004C3158 /* writebox.png */,
				889800B51A6E674D004C3158 /* pinkLine.png */,
				889800B31A6E6531004C3158 /* signup_1_ic.png */,
				88E9CA181A6D2D45005FE8EC /* eg_launch_up.jpg */,
				8866128D1A6D0F7D008D8473 /* eg_launch.png */,
				889800B11A6E64AE004C3158 /* cancel_ic.png */,
				889800EA1A6E8F2D004C3158 /* signup_e_ic.png */,
			);
			name = UI;
			sourceTree = "<group>";
		};
		886612991A6D1F39008D8473 /* SVProgressHUD */ = {
			isa = PBXGroup;
			children = (
				8866129A1A6D1F39008D8473 /* SVIndefiniteAnimatedView.h */,
				8866129B1A6D1F39008D8473 /* SVIndefiniteAnimatedView.m */,
				8866129C1A6D1F39008D8473 /* SVProgressHUD-Prefix.pch */,
				8866129D1A6D1F39008D8473 /* SVProgressHUD.bundle */,
				8866129E1A6D1F39008D8473 /* SVProgressHUD.h */,
				8866129F1A6D1F39008D8473 /* SVProgressHUD.m */,
			);
			path = SVProgressHUD;
			sourceTree = "<group>";
		};
		889800AA1A6E384A004C3158 /* WYPopoverController */ = {
			isa = PBXGroup;
			children = (
				889800AB1A6E384A004C3158 /* WYPopoverController.h */,
				889800AC1A6E384A004C3158 /* WYPopoverController.m */,
				889800AD1A6E384A004C3158 /* WYStoryboardPopoverSegue.h */,
				889800AE1A6E384A004C3158 /* WYStoryboardPopoverSegue.m */,
			);
			path = WYPopoverController;
			sourceTree = "<group>";
		};
		88A52A151A5FD98700D2CE70 /* MainController */ = {
			isa = PBXGroup;
			children = (
				8814666F1A5C2F7600D677A9 /* RootViewController.h */,
				881466701A5C2F7600D677A9 /* RootViewController.m */,
				88A52A121A5FD8DC00D2CE70 /* LoginViewController.h */,
				88A52A131A5FD8DC00D2CE70 /* LoginViewController.m */,
				88E9CA231A6D745F005FE8EC /* LoginPopupViewController.h */,
				88E9CA241A6D745F005FE8EC /* LoginPopupViewController.m */,
				889800EC1A6E93FD004C3158 /* JoinPopupViewController.h */,
				889800ED1A6E93FD004C3158 /* JoinPopupViewController.m */,
				889800CD1A6E7CF6004C3158 /* MainTabViewController.h */,
				889800CE1A6E7CF6004C3158 /* MainTabViewController.m */,
				88A52A0F1A5FD8C200D2CE70 /* HomeViewController.h */,
				88A52A101A5FD8C200D2CE70 /* HomeViewController.m */,
				88A52A191A5FE47700D2CE70 /* OtherStoryViewController.h */,
				88A52A1A1A5FE47700D2CE70 /* OtherStoryViewController.m */,
				889800C71A6E7C10004C3158 /* WriteStoryViewController.h */,
				889800C81A6E7C10004C3158 /* WriteStoryViewController.m */,
				88A52A161A5FDA2900D2CE70 /* MyStoryViewController.h */,
				88A52A171A5FDA2900D2CE70 /* MyStoryViewController.m */,
				889800CA1A6E7C53004C3158 /* ReportViewController.h */,
				889800CB1A6E7C53004C3158 /* ReportViewController.m */,
			);
			name = MainController;
			sourceTree = "<group>";
		};
		88A52A1C1A6014F500D2CE70 /* images */ = {
			isa = PBXGroup;
			children = (
				88A52A1D1A60151400D2CE70 /* Launch.png */,
			);
			name = images;
			sourceTree = "<group>";
		};
		88E9CA111A6D20AF005FE8EC /* Frameworks */ = {
			isa = PBXGroup;
			children = (
				88E9CA161A6D20D2005FE8EC /* CoreGraphics.framework */,
				88E9CA141A6D20CA005FE8EC /* Foundation.framework */,
				88E9CA121A6D20C2005FE8EC /* UIKit.framework */,
				886612971A6D1BBF008D8473 /* QuartzCore.framework */,
			);
			name = Frameworks;
			sourceTree = "<group>";
		};
/* End PBXGroup section */

/* Begin PBXNativeTarget section */
		881466641A5C2F7600D677A9 /* happinuss_ios */ = {
			isa = PBXNativeTarget;
			buildConfigurationList = 881466881A5C2F7600D677A9 /* Build configuration list for PBXNativeTarget "happinuss_ios" */;
			buildPhases = (
				881466611A5C2F7600D677A9 /* Sources */,
				881466621A5C2F7600D677A9 /* Frameworks */,
				881466631A5C2F7600D677A9 /* Resources */,
			);
			buildRules = (
			);
			dependencies = (
			);
			name = happinuss_ios;
			productName = happinuss_ios;
			productReference = 881466651A5C2F7600D677A9 /* happinuss_ios.app */;
			productType = "com.apple.product-type.application";
		};
		8814667D1A5C2F7600D677A9 /* happinuss_iosTests */ = {
			isa = PBXNativeTarget;
			buildConfigurationList = 8814668B1A5C2F7600D677A9 /* Build configuration list for PBXNativeTarget "happinuss_iosTests" */;
			buildPhases = (
				8814667A1A5C2F7600D677A9 /* Sources */,
				8814667B1A5C2F7600D677A9 /* Frameworks */,
				8814667C1A5C2F7600D677A9 /* Resources */,
			);
			buildRules = (
			);
			dependencies = (
				881466801A5C2F7600D677A9 /* PBXTargetDependency */,
			);
			name = happinuss_iosTests;
			productName = happinuss_iosTests;
			productReference = 8814667E1A5C2F7600D677A9 /* happinuss_iosTests.xctest */;
			productType = "com.apple.product-type.bundle.unit-test";
		};
/* End PBXNativeTarget section */

/* Begin PBXProject section */
		8814665D1A5C2F7600D677A9 /* Project object */ = {
			isa = PBXProject;
			attributes = {
				LastUpgradeCheck = 0610;
				ORGANIZATIONNAME = kayadami;
				TargetAttributes = {
					881466641A5C2F7600D677A9 = {
						CreatedOnToolsVersion = 6.1.1;
						DevelopmentTeam = 4CRUHPW36L;
					};
					8814667D1A5C2F7600D677A9 = {
						CreatedOnToolsVersion = 6.1.1;
						TestTargetID = 881466641A5C2F7600D677A9;
					};
				};
			};
			buildConfigurationList = 881466601A5C2F7600D677A9 /* Build configuration list for PBXProject "happinuss_ios" */;
			compatibilityVersion = "Xcode 3.2";
			developmentRegion = English;
			hasScannedForEncodings = 0;
			knownRegions = (
				en,
				Base,
			);
			mainGroup = 8814665C1A5C2F7600D677A9;
			productRefGroup = 881466661A5C2F7600D677A9 /* Products */;
			projectDirPath = "";
			projectRoot = "";
			targets = (
				881466641A5C2F7600D677A9 /* happinuss_ios */,
				8814667D1A5C2F7600D677A9 /* happinuss_iosTests */,
			);
		};
/* End PBXProject section */

/* Begin PBXResourcesBuildPhase section */
		881466631A5C2F7600D677A9 /* Resources */ = {
			isa = PBXResourcesBuildPhase;
			buildActionMask = 2147483647;
			files = (
				889800F01A6EA4DE004C3158 /* background.jpg in Resources */,
				889800FE1A6EB48C004C3158 /* write@2x.png in Resources */,
				88A52A1E1A60151400D2CE70 /* Launch.png in Resources */,
				889800FB1A6EB48C004C3158 /* mystory@2x.png in Resources */,
				889800C21A6E7875004C3158 /* p_tapbar.png in Resources */,
				889800B21A6E64AE004C3158 /* cancel_ic.png in Resources */,
				886612A11A6D1F39008D8473 /* SVProgressHUD.bundle in Resources */,
				889800FA1A6EB48C004C3158 /* home@2x.png in Resources */,
				889800EB1A6E8F2D004C3158 /* signup_e_ic.png in Resources */,
				889800C41A6E7875004C3158 /* writebox.png in Resources */,
				889800FC1A6EB48C004C3158 /* ourstory@2x.png in Resources */,
				889800B61A6E674D004C3158 /* pinkLine.png in Resources */,
				881466741A5C2F7600D677A9 /* Main.storyboard in Resources */,
				889800FD1A6EB48C004C3158 /* report@2x.png in Resources */,
				88E9CA191A6D2D45005FE8EC /* eg_launch_up.jpg in Resources */,
				881466791A5C2F7600D677A9 /* LaunchScreen.xib in Resources */,
				8866128E1A6D0F7D008D8473 /* eg_launch.png in Resources */,
				889800B41A6E6531004C3158 /* signup_1_ic.png in Resources */,
				881466761A5C2F7600D677A9 /* Images.xcassets in Resources */,
			);
			runOnlyForDeploymentPostprocessing = 0;
		};
		8814667C1A5C2F7600D677A9 /* Resources */ = {
			isa = PBXResourcesBuildPhase;
			buildActionMask = 2147483647;
			files = (
			);
			runOnlyForDeploymentPostprocessing = 0;
		};
/* End PBXResourcesBuildPhase section */

/* Begin PBXSourcesBuildPhase section */
		881466611A5C2F7600D677A9 /* Sources */ = {
			isa = PBXSourcesBuildPhase;
			buildActionMask = 2147483647;
			files = (
				881466711A5C2F7600D677A9 /* RootViewController.m in Sources */,
				889800CF1A6E7CF6004C3158 /* MainTabViewController.m in Sources */,
				88A52A1B1A5FE47700D2CE70 /* OtherStoryViewController.m in Sources */,
				889800C91A6E7C10004C3158 /* WriteStoryViewController.m in Sources */,
				889800B01A6E384A004C3158 /* WYStoryboardPopoverSegue.m in Sources */,
				88E9CA261A6D745F005FE8EC /* LoginPopupViewController.m in Sources */,
				8814666E1A5C2F7600D677A9 /* AppDelegate.m in Sources */,
				889800EE1A6E93FD004C3158 /* JoinPopupViewController.m in Sources */,
				886612A01A6D1F39008D8473 /* SVIndefiniteAnimatedView.m in Sources */,
				88A52A181A5FDA2900D2CE70 /* MyStoryViewController.m in Sources */,
				889800AF1A6E384A004C3158 /* WYPopoverController.m in Sources */,
				886612A21A6D1F39008D8473 /* SVProgressHUD.m in Sources */,
				889800CC1A6E7C53004C3158 /* ReportViewController.m in Sources */,
				88A52A111A5FD8C200D2CE70 /* HomeViewController.m in Sources */,
				8814666B1A5C2F7600D677A9 /* main.m in Sources */,
				88A52A141A5FD8DC00D2CE70 /* LoginViewController.m in Sources */,
			);
			runOnlyForDeploymentPostprocessing = 0;
		};
		8814667A1A5C2F7600D677A9 /* Sources */ = {
			isa = PBXSourcesBuildPhase;
			buildActionMask = 2147483647;
			files = (
				881466851A5C2F7600D677A9 /* happinuss_iosTests.m in Sources */,
			);
			runOnlyForDeploymentPostprocessing = 0;
		};
/* End PBXSourcesBuildPhase section */

/* Begin PBXTargetDependency section */
		881466801A5C2F7600D677A9 /* PBXTargetDependency */ = {
			isa = PBXTargetDependency;
			target = 881466641A5C2F7600D677A9 /* happinuss_ios */;
			targetProxy = 8814667F1A5C2F7600D677A9 /* PBXContainerItemProxy */;
		};
/* End PBXTargetDependency section */

/* Begin PBXVariantGroup section */
		881466721A5C2F7600D677A9 /* Main.storyboard */ = {
			isa = PBXVariantGroup;
			children = (
				881466731A5C2F7600D677A9 /* Base */,
			);
			name = Main.storyboard;
			sourceTree = "<group>";
		};
		881466771A5C2F7600D677A9 /* LaunchScreen.xib */ = {
			isa = PBXVariantGroup;
			children = (
				881466781A5C2F7600D677A9 /* Base */,
			);
			name = LaunchScreen.xib;
			sourceTree = "<group>";
		};
/* End PBXVariantGroup section */

/* Begin XCBuildConfiguration section */
		881466861A5C2F7600D677A9 /* Debug */ = {
			isa = XCBuildConfiguration;
			buildSettings = {
				ALWAYS_SEARCH_USER_PATHS = NO;
				CLANG_CXX_LANGUAGE_STANDARD = "gnu++0x";
				CLANG_CXX_LIBRARY = "libc++";
				CLANG_ENABLE_MODULES = YES;
				CLANG_ENABLE_OBJC_ARC = YES;
				CLANG_WARN_BOOL_CONVERSION = YES;
				CLANG_WARN_CONSTANT_CONVERSION = YES;
				CLANG_WARN_DIRECT_OBJC_ISA_USAGE = YES_ERROR;
				CLANG_WARN_EMPTY_BODY = YES;
				CLANG_WARN_ENUM_CONVERSION = YES;
				CLANG_WARN_INT_CONVERSION = YES;
				CLANG_WARN_OBJC_ROOT_CLASS = YES_ERROR;
				CLANG_WARN_UNREACHABLE_CODE = YES;
				CLANG_WARN__DUPLICATE_METHOD_MATCH = YES;
				"CODE_SIGN_IDENTITY[sdk=iphoneos*]" = "iPhone Developer";
				COPY_PHASE_STRIP = NO;
				ENABLE_STRICT_OBJC_MSGSEND = YES;
				GCC_C_LANGUAGE_STANDARD = gnu99;
				GCC_DYNAMIC_NO_PIC = NO;
				GCC_OPTIMIZATION_LEVEL = 0;
				GCC_PREPROCESSOR_DEFINITIONS = (
					"DEBUG=1",
					"$(inherited)",
				);
				GCC_SYMBOLS_PRIVATE_EXTERN = NO;
				GCC_WARN_64_TO_32_BIT_CONVERSION = YES;
				GCC_WARN_ABOUT_RETURN_TYPE = YES_ERROR;
				GCC_WARN_UNDECLARED_SELECTOR = YES;
				GCC_WARN_UNINITIALIZED_AUTOS = YES_AGGRESSIVE;
				GCC_WARN_UNUSED_FUNCTION = YES;
				GCC_WARN_UNUSED_VARIABLE = YES;
				IPHONEOS_DEPLOYMENT_TARGET = 8.1;
				MTL_ENABLE_DEBUG_INFO = YES;
				ONLY_ACTIVE_ARCH = YES;
				SDKROOT = iphoneos;
			};
			name = Debug;
		};
		881466871A5C2F7600D677A9 /* Release */ = {
			isa = XCBuildConfiguration;
			buildSettings = {
				ALWAYS_SEARCH_USER_PATHS = NO;
				CLANG_CXX_LANGUAGE_STANDARD = "gnu++0x";
				CLANG_CXX_LIBRARY = "libc++";
				CLANG_ENABLE_MODULES = YES;
				CLANG_ENABLE_OBJC_ARC = YES;
				CLANG_WARN_BOOL_CONVERSION = YES;
				CLANG_WARN_CONSTANT_CONVERSION = YES;
				CLANG_WARN_DIRECT_OBJC_ISA_USAGE = YES_ERROR;
				CLANG_WARN_EMPTY_BODY = YES;
				CLANG_WARN_ENUM_CONVERSION = YES;
				CLANG_WARN_INT_CONVERSION = YES;
				CLANG_WARN_OBJC_ROOT_CLASS = YES_ERROR;
				CLANG_WARN_UNREACHABLE_CODE = YES;
				CLANG_WARN__DUPLICATE_METHOD_MATCH = YES;
				"CODE_SIGN_IDENTITY[sdk=iphoneos*]" = "iPhone Developer";
				COPY_PHASE_STRIP = YES;
				ENABLE_NS_ASSERTIONS = NO;
				ENABLE_STRICT_OBJC_MSGSEND = YES;
				GCC_C_LANGUAGE_STANDARD = gnu99;
				GCC_WARN_64_TO_32_BIT_CONVERSION = YES;
				GCC_WARN_ABOUT_RETURN_TYPE = YES_ERROR;
				GCC_WARN_UNDECLARED_SELECTOR = YES;
				GCC_WARN_UNINITIALIZED_AUTOS = YES_AGGRESSIVE;
				GCC_WARN_UNUSED_FUNCTION = YES;
				GCC_WARN_UNUSED_VARIABLE = YES;
				IPHONEOS_DEPLOYMENT_TARGET = 8.1;
				MTL_ENABLE_DEBUG_INFO = NO;
				SDKROOT = iphoneos;
				VALIDATE_PRODUCT = YES;
			};
			name = Release;
		};
		881466891A5C2F7600D677A9 /* Debug */ = {
			isa = XCBuildConfiguration;
			buildSettings = {
				ASSETCATALOG_COMPILER_APPICON_NAME = AppIcon;
				ASSETCATALOG_COMPILER_LAUNCHIMAGE_NAME = LaunchImage;
				CODE_SIGN_IDENTITY = "iPhone Developer";
				"CODE_SIGN_IDENTITY[sdk=iphoneos*]" = "iPhone Developer";
				INFOPLIST_FILE = happinuss_ios/Info.plist;
				IPHONEOS_DEPLOYMENT_TARGET = 7.1;
				LD_RUNPATH_SEARCH_PATHS = "$(inherited) @executable_path/Frameworks";
				PRODUCT_NAME = "$(TARGET_NAME)";
				PROVISIONING_PROFILE = "";
				TARGETED_DEVICE_FAMILY = "1,2";
			};
			name = Debug;
		};
		8814668A1A5C2F7600D677A9 /* Release */ = {
			isa = XCBuildConfiguration;
			buildSettings = {
				ASSETCATALOG_COMPILER_APPICON_NAME = AppIcon;
				ASSETCATALOG_COMPILER_LAUNCHIMAGE_NAME = LaunchImage;
				CODE_SIGN_IDENTITY = "iPhone Developer";
				"CODE_SIGN_IDENTITY[sdk=iphoneos*]" = "iPhone Developer";
				INFOPLIST_FILE = happinuss_ios/Info.plist;
				IPHONEOS_DEPLOYMENT_TARGET = 7.1;
				LD_RUNPATH_SEARCH_PATHS = "$(inherited) @executable_path/Frameworks";
				PRODUCT_NAME = "$(TARGET_NAME)";
				PROVISIONING_PROFILE = "";
				TARGETED_DEVICE_FAMILY = "1,2";
			};
			name = Release;
		};
		8814668C1A5C2F7600D677A9 /* Debug */ = {
			isa = XCBuildConfiguration;
			buildSettings = {
				BUNDLE_LOADER = "$(TEST_HOST)";
				FRAMEWORK_SEARCH_PATHS = (
					"$(SDKROOT)/Developer/Library/Frameworks",
					"$(inherited)",
				);
				GCC_PREPROCESSOR_DEFINITIONS = (
					"DEBUG=1",
					"$(inherited)",
				);
				INFOPLIST_FILE = happinuss_iosTests/Info.plist;
				LD_RUNPATH_SEARCH_PATHS = "$(inherited) @executable_path/Frameworks @loader_path/Frameworks";
				PRODUCT_NAME = "$(TARGET_NAME)";
				TEST_HOST = "$(BUILT_PRODUCTS_DIR)/happinuss_ios.app/happinuss_ios";
			};
			name = Debug;
		};
		8814668D1A5C2F7600D677A9 /* Release */ = {
			isa = XCBuildConfiguration;
			buildSettings = {
				BUNDLE_LOADER = "$(TEST_HOST)";
				FRAMEWORK_SEARCH_PATHS = (
					"$(SDKROOT)/Developer/Library/Frameworks",
					"$(inherited)",
				);
				INFOPLIST_FILE = happinuss_iosTests/Info.plist;
				LD_RUNPATH_SEARCH_PATHS = "$(inherited) @executable_path/Frameworks @loader_path/Frameworks";
				PRODUCT_NAME = "$(TARGET_NAME)";
				TEST_HOST = "$(BUILT_PRODUCTS_DIR)/happinuss_ios.app/happinuss_ios";
			};
			name = Release;
		};
/* End XCBuildConfiguration section */

/* Begin XCConfigurationList section */
		881466601A5C2F7600D677A9 /* Build configuration list for PBXProject "happinuss_ios" */ = {
			isa = XCConfigurationList;
			buildConfigurations = (
				881466861A5C2F7600D677A9 /* Debug */,
				881466871A5C2F7600D677A9 /* Release */,
			);
			defaultConfigurationIsVisible = 0;
			defaultConfigurationName = Release;
		};
		881466881A5C2F7600D677A9 /* Build configuration list for PBXNativeTarget "happinuss_ios" */ = {
			isa = XCConfigurationList;
			buildConfigurations = (
				881466891A5C2F7600D677A9 /* Debug */,
				8814668A1A5C2F7600D677A9 /* Release */,
			);
			defaultConfigurationIsVisible = 0;
			defaultConfigurationName = Release;
		};
		8814668B1A5C2F7600D677A9 /* Build configuration list for PBXNativeTarget "happinuss_iosTests" */ = {
			isa = XCConfigurationList;
			buildConfigurations = (
				8814668C1A5C2F7600D677A9 /* Debug */,
				8814668D1A5C2F7600D677A9 /* Release */,
			);
			defaultConfigurationIsVisible = 0;
			defaultConfigurationName = Release;
		};
/* End XCConfigurationList section */
	};
	rootObject = 8814665D1A5C2F7600D677A9 /* Project object */;
}
